#MicroXplorer Configuration settings - do not modify
ADC1.Channel-0\#ChannelRegularConversion=ADC_CHANNEL_4
ADC1.IPParameters=Rank-0\#ChannelRegularConversion,SamplingTime-0\#ChannelRegularConversion,Channel-0\#ChannelRegularConversion,master
ADC1.Rank-0\#ChannelRegularConversion=1
ADC1.SamplingTime-0\#ChannelRegularConversion=ADC_SAMPLETIME_239CYCLES_5
ADC1.master=1
CAD.formats=
CAD.pinconfig=
CAD.provider=
Dma.Request0=USART2_RX
Dma.RequestsNb=1
Dma.USART2_RX.0.Direction=DMA_PERIPH_TO_MEMORY
Dma.USART2_RX.0.Instance=DMA1_Channel6
Dma.USART2_RX.0.MemDataAlignment=DMA_MDATAALIGN_BYTE
Dma.USART2_RX.0.MemInc=DMA_MINC_ENABLE
Dma.USART2_RX.0.Mode=DMA_CIRCULAR
Dma.USART2_RX.0.PeriphDataAlignment=DMA_PDATAALIGN_BYTE
Dma.USART2_RX.0.PeriphInc=DMA_PINC_DISABLE
Dma.USART2_RX.0.Priority=DMA_PRIORITY_HIGH
Dma.USART2_RX.0.RequestParameters=Instance,Direction,PeriphInc,MemInc,PeriphDataAlignment,MemDataAlignment,Mode,Priority
FREERTOS.HEAP_NUMBER=4
FREERTOS.INCLUDE_eTaskGetState=1
FREERTOS.INCLUDE_pcTaskGetTaskName=1
FREERTOS.INCLUDE_uxTaskGetStackHighWaterMark=1
FREERTOS.INCLUDE_uxTaskPriorityGet=1
FREERTOS.INCLUDE_vTaskCleanUpResources=0
FREERTOS.INCLUDE_vTaskDelay=1
FREERTOS.INCLUDE_vTaskDelayUntil=1
FREERTOS.INCLUDE_vTaskDelete=1
FREERTOS.INCLUDE_vTaskPrioritySet=1
FREERTOS.INCLUDE_vTaskSuspend=1
FREERTOS.INCLUDE_xEventGroupSetBitFromISR=0
FREERTOS.INCLUDE_xQueueGetMutexHolder=0
FREERTOS.INCLUDE_xSemaphoreGetMutexHolder=0
FREERTOS.INCLUDE_xTaskAbortDelay=0
FREERTOS.INCLUDE_xTaskGetCurrentTaskHandle=1
FREERTOS.INCLUDE_xTaskGetHandle=0
FREERTOS.INCLUDE_xTaskGetSchedulerState=1
FREERTOS.INCLUDE_xTaskResumeFromISR=1
FREERTOS.IPParameters=Tasks01,configUSE_RECURSIVE_MUTEXES,configUSE_COUNTING_SEMAPHORES,configTOTAL_HEAP_SIZE,configUSE_TRACE_FACILITY,configLIBRARY_LOWEST_INTERRUPT_PRIORITY,configIDLE_SHOULD_YIELD,INCLUDE_vTaskCleanUpResources,INCLUDE_vTaskDelayUntil,INCLUDE_eTaskGetState,INCLUDE_xQueueGetMutexHolder,INCLUDE_xTaskResumeFromISR,configUSE_PREEMPTION,MEMORY_ALLOCATION,configTICK_RATE_HZ,configMAX_PRIORITIES,configMINIMAL_STACK_SIZE,configMAX_TASK_NAME_LEN,configUSE_MUTEXES,configQUEUE_REGISTRY_SIZE,configUSE_APPLICATION_TASK_TAG,HEAP_NUMBER,configUSE_IDLE_HOOK,configUSE_TICK_HOOK,configUSE_MALLOC_FAILED_HOOK,configUSE_DAEMON_TASK_STARTUP_HOOK,configCHECK_FOR_STACK_OVERFLOW,configGENERATE_RUN_TIME_STATS,configUSE_STATS_FORMATTING_FUNCTIONS,configUSE_CO_ROUTINES,configMAX_CO_ROUTINE_PRIORITIES,configUSE_TIMERS,INCLUDE_vTaskPrioritySet,INCLUDE_uxTaskPriorityGet,INCLUDE_vTaskDelete,INCLUDE_vTaskSuspend,INCLUDE_vTaskDelay,INCLUDE_xTaskGetSchedulerState,INCLUDE_xSemaphoreGetMutexHolder,INCLUDE_pcTaskGetTaskName,INCLUDE_uxTaskGetStackHighWaterMark,INCLUDE_xTaskGetCurrentTaskHandle,INCLUDE_xEventGroupSetBitFromISR,configENABLE_BACKWARD_COMPATIBILITY,configUSE_TICKLESS_IDLE,configUSE_TASK_NOTIFICATIONS,INCLUDE_xTaskAbortDelay,INCLUDE_xTaskGetHandle,configRECORD_STACK_HIGH_ADDRESS,configUSE_NEWLIB_REENTRANT,copyHeapFile,configLIBRARY_MAX_SYSCALL_INTERRUPT_PRIORITY
FREERTOS.MEMORY_ALLOCATION=0
FREERTOS.Tasks01=defaultTask,0,128,StartDefaultTask,Default,NULL,Dynamic,NULL,NULL
FREERTOS.configCHECK_FOR_STACK_OVERFLOW=2
FREERTOS.configENABLE_BACKWARD_COMPATIBILITY=1
FREERTOS.configGENERATE_RUN_TIME_STATS=0
FREERTOS.configIDLE_SHOULD_YIELD=1
FREERTOS.configLIBRARY_LOWEST_INTERRUPT_PRIORITY=15
FREERTOS.configLIBRARY_MAX_SYSCALL_INTERRUPT_PRIORITY=5
FREERTOS.configMAX_CO_ROUTINE_PRIORITIES=2
FREERTOS.configMAX_PRIORITIES=7
FREERTOS.configMAX_TASK_NAME_LEN=12
FREERTOS.configMINIMAL_STACK_SIZE=128
FREERTOS.configQUEUE_REGISTRY_SIZE=4
FREERTOS.configRECORD_STACK_HIGH_ADDRESS=0
FREERTOS.configTICK_RATE_HZ=1000
FREERTOS.configTOTAL_HEAP_SIZE=12288
FREERTOS.configUSE_APPLICATION_TASK_TAG=0
FREERTOS.configUSE_COUNTING_SEMAPHORES=1
FREERTOS.configUSE_CO_ROUTINES=0
FREERTOS.configUSE_DAEMON_TASK_STARTUP_HOOK=0
FREERTOS.configUSE_IDLE_HOOK=0
FREERTOS.configUSE_MALLOC_FAILED_HOOK=1
FREERTOS.configUSE_MUTEXES=1
FREERTOS.configUSE_NEWLIB_REENTRANT=1
FREERTOS.configUSE_PREEMPTION=1
FREERTOS.configUSE_RECURSIVE_MUTEXES=0
FREERTOS.configUSE_STATS_FORMATTING_FUNCTIONS=1
FREERTOS.configUSE_TASK_NOTIFICATIONS=1
FREERTOS.configUSE_TICKLESS_IDLE=0
FREERTOS.configUSE_TICK_HOOK=0
FREERTOS.configUSE_TIMERS=0
FREERTOS.configUSE_TRACE_FACILITY=1
FREERTOS.copyHeapFile=1
File.Version=6
GPIO.groupedBy=Group By Peripherals
I2C2.I2C_Speed_Mode=I2C_Fast
I2C2.IPParameters=I2C_Speed_Mode
KeepUserPlacement=false
Mcu.CPN=STM32F103C8T6
Mcu.Family=STM32F1
Mcu.IP0=ADC1
Mcu.IP1=DMA
Mcu.IP10=USART2
Mcu.IP2=FREERTOS
Mcu.IP3=I2C2
Mcu.IP4=NVIC
Mcu.IP5=RCC
Mcu.IP6=SYS
Mcu.IP7=TIM1
Mcu.IP8=TIM4
Mcu.IP9=USART1
Mcu.IPNb=11
Mcu.Name=STM32F103C(8-B)Tx
Mcu.Package=LQFP48
Mcu.Pin0=PD0-OSC_IN
Mcu.Pin1=PD1-OSC_OUT
Mcu.Pin10=PA11
Mcu.Pin11=PA13
Mcu.Pin12=PA14
Mcu.Pin13=PB3
Mcu.Pin14=PB4
Mcu.Pin15=PB6
Mcu.Pin16=PB7
Mcu.Pin17=VP_FREERTOS_VS_CMSIS_V1
Mcu.Pin18=VP_SYS_VS_tim2
Mcu.Pin19=VP_TIM1_VS_ClockSourceINT
Mcu.Pin2=PA2
Mcu.Pin20=VP_TIM4_VS_ClockSourceINT
Mcu.Pin3=PA3
Mcu.Pin4=PA4
Mcu.Pin5=PB10
Mcu.Pin6=PB11
Mcu.Pin7=PA8
Mcu.Pin8=PA9
Mcu.Pin9=PA10
Mcu.PinsNb=21
Mcu.ThirdPartyNb=0
Mcu.UserConstants=
Mcu.UserName=STM32F103C8Tx
MxCube.Version=6.14.1
MxDb.Version=DB.6.0.141
NVIC.BusFault_IRQn=true\:0\:0\:false\:false\:true\:false\:false\:false\:false
NVIC.DMA1_Channel6_IRQn=true\:5\:0\:false\:false\:true\:true\:true\:true\:true
NVIC.DebugMonitor_IRQn=true\:0\:0\:false\:false\:true\:false\:false\:false\:false
NVIC.ForceEnableDMAVector=true
NVIC.HardFault_IRQn=true\:0\:0\:false\:false\:true\:false\:false\:false\:false
NVIC.MemoryManagement_IRQn=true\:0\:0\:false\:false\:true\:false\:false\:false\:false
NVIC.NonMaskableInt_IRQn=true\:0\:0\:false\:false\:true\:false\:false\:false\:false
NVIC.PendSV_IRQn=true\:15\:0\:false\:false\:false\:false\:false\:false\:false
NVIC.PriorityGroup=NVIC_PRIORITYGROUP_4
NVIC.SVCall_IRQn=true\:0\:0\:false\:false\:false\:false\:false\:false\:false
NVIC.SavedPendsvIrqHandlerGenerated=true
NVIC.SavedSvcallIrqHandlerGenerated=true
NVIC.SavedSystickIrqHandlerGenerated=true
NVIC.SysTick_IRQn=true\:15\:0\:false\:false\:false\:false\:true\:false\:false
NVIC.TIM2_IRQn=true\:15\:0\:false\:false\:true\:false\:true\:true\:true
NVIC.TimeBase=TIM2_IRQn
NVIC.TimeBaseIP=TIM2
NVIC.USART2_IRQn=true\:5\:0\:false\:false\:true\:true\:true\:true\:true
NVIC.UsageFault_IRQn=true\:0\:0\:false\:false\:true\:false\:false\:false\:false
PA10.Locked=true
PA10.Mode=Asynchronous
PA10.Signal=USART1_RX
PA11.Locked=true
PA11.Signal=S_TIM1_CH4
PA13.Locked=true
PA13.Mode=Serial_Wire
PA13.Signal=SYS_JTMS-SWDIO
PA14.Locked=true
PA14.Mode=Serial_Wire
PA14.Signal=SYS_JTCK-SWCLK
PA2.Locked=true
PA2.Mode=Asynchronous
PA2.Signal=USART2_TX
PA3.Locked=true
PA3.Mode=Asynchronous
PA3.Signal=USART2_RX
PA4.Locked=true
PA4.Signal=ADCx_IN4
PA8.Locked=true
PA8.Signal=S_TIM1_CH1
PA9.Locked=true
PA9.Mode=Asynchronous
PA9.Signal=USART1_TX
PB10.Locked=true
PB10.Mode=I2C
PB10.Signal=I2C2_SCL
PB11.Locked=true
PB11.Mode=I2C
PB11.Signal=I2C2_SDA
PB3.GPIOParameters=GPIO_Speed,PinState,GPIO_Label,GPIO_ModeDefaultOutputPP
PB3.GPIO_Label=LED1_GREEN
PB3.GPIO_ModeDefaultOutputPP=GPIO_MODE_OUTPUT_PP
PB3.GPIO_Speed=GPIO_SPEED_FREQ_LOW
PB3.Locked=true
PB3.PinState=GPIO_PIN_SET
PB3.Signal=GPIO_Output
PB4.GPIOParameters=GPIO_Speed,PinState,GPIO_Label,GPIO_ModeDefaultOutputPP
PB4.GPIO_Label=LED2_BLUE
PB4.GPIO_ModeDefaultOutputPP=GPIO_MODE_OUTPUT_PP
PB4.GPIO_Speed=GPIO_SPEED_FREQ_LOW
PB4.Locked=true
PB4.PinState=GPIO_PIN_SET
PB4.Signal=GPIO_Output
PB6.Locked=true
PB6.Signal=S_TIM4_CH1
PB7.Locked=true
PB7.Signal=S_TIM4_CH2
PD0-OSC_IN.Locked=true
PD0-OSC_IN.Mode=HSE-External-Oscillator
PD0-OSC_IN.Signal=RCC_OSC_IN
PD1-OSC_OUT.Locked=true
PD1-OSC_OUT.Mode=HSE-External-Oscillator
PD1-OSC_OUT.Signal=RCC_OSC_OUT
PinOutPanel.RotationAngle=0
ProjectManager.AskForMigrate=true
ProjectManager.BackupPrevious=false
ProjectManager.CompilerLinker=GCC
ProjectManager.CompilerOptimize=6
ProjectManager.ComputerToolchain=false
ProjectManager.CoupleFile=false
ProjectManager.CustomerFirmwarePackage=
ProjectManager.DefaultFWLocation=true
ProjectManager.DeletePrevious=true
ProjectManager.DeviceId=STM32F103C8Tx
ProjectManager.FirmwarePackage=STM32Cube FW_F1 V1.8.7
ProjectManager.FreePins=false
ProjectManager.HalAssertFull=false
ProjectManager.HeapSize=0x800
ProjectManager.KeepUserCode=true
ProjectManager.LastFirmware=true
ProjectManager.LibraryCopy=1
ProjectManager.MainLocation=Core/Src
ProjectManager.NoMain=false
ProjectManager.PreviousToolchain=STM32CubeIDE
ProjectManager.ProjectBuild=false
ProjectManager.ProjectFileName=flyctrol.ioc
ProjectManager.ProjectName=flyctrol
ProjectManager.ProjectStructure=
ProjectManager.RegisterCallBack=
ProjectManager.StackSize=0x800
ProjectManager.TargetToolchain=STM32CubeIDE
ProjectManager.ToolChainLocation=
ProjectManager.UAScriptAfterPath=
ProjectManager.UAScriptBeforePath=
ProjectManager.UnderRoot=true
ProjectManager.functionlistsort=1-SystemClock_Config-RCC-false-HAL-false,2-MX_GPIO_Init-GPIO-false-HAL-true,3-MX_DMA_Init-DMA-false-HAL-true,4-MX_ADC1_Init-ADC1-false-HAL-true,5-MX_I2C2_Init-I2C2-false-HAL-true,6-MX_TIM1_Init-TIM1-false-HAL-true,7-MX_TIM4_Init-TIM4-false-HAL-true,8-MX_USART1_UART_Init-USART1-false-HAL-true,9-MX_USART2_UART_Init-USART2-false-HAL-true,10-MX_FREERTOS_Init-FREERTOS-false-HAL-true
RCC.ADCFreqValue=12000000
RCC.ADCPresc=RCC_ADCPCLK2_DIV6
RCC.AHBFreq_Value=72000000
RCC.APB1CLKDivider=RCC_HCLK_DIV2
RCC.APB1Freq_Value=36000000
RCC.APB1TimFreq_Value=72000000
RCC.APB2Freq_Value=72000000
RCC.APB2TimFreq_Value=72000000
RCC.FCLKCortexFreq_Value=72000000
RCC.FamilyName=M
RCC.HCLKFreq_Value=72000000
RCC.HSE_VALUE=8000000
RCC.HSI_VALUE=8000000
RCC.IPParameters=ADCFreqValue,ADCPresc,AHBFreq_Value,APB1CLKDivider,APB1Freq_Value,APB1TimFreq_Value,APB2Freq_Value,APB2TimFreq_Value,FCLKCortexFreq_Value,FamilyName,HCLKFreq_Value,HSE_VALUE,HSI_VALUE,MCOFreq_Value,PLLCLKFreq_Value,PLLMCOFreq_Value,PLLMUL,PLLMul,PLLSourceVirtual,SYSCLKFreq_VALUE,SYSCLKSource,TimSysFreq_Value,USBFreq_Value,VCOOutput2Freq_Value
RCC.MCOFreq_Value=72000000
RCC.PLLCLKFreq_Value=72000000
RCC.PLLMCOFreq_Value=36000000
RCC.PLLMUL=RCC_PLL_MUL9
RCC.PLLMul=RCC_PLL_MUL9
RCC.PLLSourceVirtual=RCC_PLLSOURCE_HSE
RCC.SYSCLKFreq_VALUE=72000000
RCC.SYSCLKSource=RCC_SYSCLKSOURCE_PLLCLK
RCC.TimSysFreq_Value=72000000
RCC.USBFreq_Value=72000000
RCC.VCOOutput2Freq_Value=8000000
SH.ADCx_IN4.0=ADC1_IN4,IN4
SH.ADCx_IN4.ConfNb=1
SH.S_TIM1_CH1.0=TIM1_CH1,PWM Generation1 CH1
SH.S_TIM1_CH1.ConfNb=1
SH.S_TIM1_CH4.0=TIM1_CH4,PWM Generation4 CH4
SH.S_TIM1_CH4.ConfNb=1
SH.S_TIM4_CH1.0=TIM4_CH1,PWM Generation1 CH1
SH.S_TIM4_CH1.ConfNb=1
SH.S_TIM4_CH2.0=TIM4_CH2,PWM Generation2 CH2
SH.S_TIM4_CH2.ConfNb=1
TIM1.Channel-PWM\ Generation1\ CH1=TIM_CHANNEL_1
TIM1.Channel-PWM\ Generation4\ CH4=TIM_CHANNEL_4
TIM1.IPParameters=Channel-PWM Generation1 CH1,Channel-PWM Generation4 CH4,Prescaler,Period,Pulse-PWM Generation1 CH1,Pulse-PWM Generation4 CH4
TIM1.Period=4499
TIM1.Prescaler=0
TIM1.Pulse-PWM\ Generation1\ CH1=0
TIM1.Pulse-PWM\ Generation4\ CH4=0
TIM4.Channel-PWM\ Generation1\ CH1=TIM_CHANNEL_1
TIM4.Channel-PWM\ Generation2\ CH2=TIM_CHANNEL_2
TIM4.IPParameters=Channel-PWM Generation1 CH1,Channel-PWM Generation2 CH2,Prescaler,Period,Pulse-PWM Generation1 CH1,Pulse-PWM Generation2 CH2
TIM4.Period=4499
TIM4.Prescaler=0
TIM4.Pulse-PWM\ Generation1\ CH1=0
TIM4.Pulse-PWM\ Generation2\ CH2=0
USART1.BaudRate=115200
USART1.IPParameters=VirtualMode-Asynchronous,BaudRate,WordLength,Parity,StopBits,Mode,OverSampling,VirtualMode
USART1.Mode=MODE_TX_RX
USART1.OverSampling=UART_OVERSAMPLING_16
USART1.Parity=PARITY_NONE
USART1.StopBits=STOPBITS_1
USART1.VirtualMode=VM_ASYNC
USART1.VirtualMode-Asynchronous=VM_ASYNC
USART1.WordLength=WORDLENGTH_8B
USART2.BaudRate=420000
USART2.IPParameters=VirtualMode-Asynchronous,BaudRate,WordLength,Parity,StopBits,Mode,OverSampling,VirtualMode
USART2.Mode=MODE_TX_RX
USART2.OverSampling=UART_OVERSAMPLING_16
USART2.Parity=PARITY_NONE
USART2.StopBits=STOPBITS_1
USART2.VirtualMode=VM_ASYNC
USART2.VirtualMode-Asynchronous=VM_ASYNC
USART2.WordLength=WORDLENGTH_8B
VP_FREERTOS_VS_CMSIS_V1.Mode=CMSIS_V1
VP_FREERTOS_VS_CMSIS_V1.Signal=FREERTOS_VS_CMSIS_V1
VP_SYS_VS_tim2.Mode=TIM2
VP_SYS_VS_tim2.Signal=SYS_VS_tim2
VP_TIM1_VS_ClockSourceINT.Mode=Internal
VP_TIM1_VS_ClockSourceINT.Signal=TIM1_VS_ClockSourceINT
VP_TIM4_VS_ClockSourceINT.Mode=Internal
VP_TIM4_VS_ClockSourceINT.Signal=TIM4_VS_ClockSourceINT
board=custom
rtos.0.ip=FREERTOS
